
Microsoft Visual Studio Solution File, Format Version 12.00
# Visual Studio Version 16
VisualStudioVersion = 16.0.29709.97
MinimumVisualStudioVersion = 10.0.40219.1
Project("{FAE04EC0-301F-11D3-BF4B-00C04F79EFBC}") = "FrontEnd", "FrontEnd\FrontEnd.csproj", "{004C8560-267D-489F-9236-00334F3B3FE9}"
EndProject
Project("{FAE04EC0-301F-11D3-BF4B-00C04F79EFBC}") = "FrontEnd.API", "FrontEnd.API\FrontEnd.API.csproj", "{3A5D0B5A-8789-4F9C-BD6B-951690E2F3EC}"
EndProject
Global
	GlobalSection(SolutionConfigurationPlatforms) = preSolution
		Debug|Any CPU = Debug|Any CPU
		Release|Any CPU = Release|Any CPU
	EndGlobalSection
	GlobalSection(ProjectConfigurationPlatforms) = postSolution
		{004C8560-267D-489F-9236-00334F3B3FE9}.Debug|Any CPU.ActiveCfg = Debug|Any CPU
		{004C8560-267D-489F-9236-00334F3B3FE9}.Debug|Any CPU.Build.0 = Debug|Any CPU
		{004C8560-267D-489F-9236-00334F3B3FE9}.Release|Any CPU.ActiveCfg = Release|Any CPU
		{004C8560-267D-489F-9236-00334F3B3FE9}.Release|Any CPU.Build.0 = Release|Any CPU
		{3A5D0B5A-8789-4F9C-BD6B-951690E2F3EC}.Debug|Any CPU.ActiveCfg = Debug|Any CPU
		{3A5D0B5A-8789-4F9C-BD6B-951690E2F3EC}.Debug|Any CPU.Build.0 = Debug|Any CPU
		{3A5D0B5A-8789-4F9C-BD6B-951690E2F3EC}.Release|Any CPU.ActiveCfg = Release|Any CPU
		{3A5D0B5A-8789-4F9C-BD6B-951690E2F3EC}.Release|Any CPU.Build.0 = Release|Any CPU
	EndGlobalSection
	GlobalSection(SolutionProperties) = preSolution
		HideSolutionNode = FALSE
	EndGlobalSection
	GlobalSection(ExtensibilityGlobals) = postSolution
		SolutionGuid = {DD05B031-D0B3-4BDE-A79C-0BBF625782D2}
	EndGlobalSection
EndGlobal
